
Microsoft Visual Studio Solution File, Format Version 12.00
# Visual Studio Version 16
VisualStudioVersion = 16.0.29613.14
MinimumVisualStudioVersion = 10.0.40219.1
Project("{FAE04EC0-301F-11D3-BF4B-00C04F79EFBC}") = "CompTool", "WebApplication1\CompTool.csproj", "{235EB52D-0CC6-43ED-889A-F46D40E40E7A}"
EndProject
Global
	GlobalSection(SolutionConfigurationPlatforms) = preSolution
		Debug|Any CPU = Debug|Any CPU
		Release|Any CPU = Release|Any CPU
	EndGlobalSection
	GlobalSection(ProjectConfigurationPlatforms) = postSolution
		{235EB52D-0CC6-43ED-889A-F46D40E40E7A}.Debug|Any CPU.ActiveCfg = Debug|Any CPU
		{235EB52D-0CC6-43ED-889A-F46D40E40E7A}.Debug|Any CPU.Build.0 = Debug|Any CPU
		{235EB52D-0CC6-43ED-889A-F46D40E40E7A}.Release|Any CPU.ActiveCfg = Release|Any CPU
		{235EB52D-0CC6-43ED-889A-F46D40E40E7A}.Release|Any CPU.Build.0 = Release|Any CPU
	EndGlobalSection
	GlobalSection(SolutionProperties) = preSolution
		HideSolutionNode = FALSE
	EndGlobalSection
	GlobalSection(ExtensibilityGlobals) = postSolution
		SolutionGuid = {1D011DA8-E27E-4BDF-BB03-B8D0E90B6C16}
	EndGlobalSection
EndGlobal
